{
    __meta__ = {
        version = "1.0"
    },
    ["windows|x64"] = {
        ["cmake#f56260b5"] = {
            repo = {
                branch = "master",
                commit = "d3f5164cd147433c264ff3f6d65d40052bbbe384",
                url = "https://gitcode.com/xmake-io/xmake-repo.git"
            },
            version = "4.2.1"
        },
        ["directxmath#f56260b5"] = {
            repo = {
                branch = "master",
                commit = "d3f5164cd147433c264ff3f6d65d40052bbbe384",
                url = "https://gitcode.com/xmake-io/xmake-repo.git"
            },
            version = "2024.02"
        },
        ["directxtk#f56260b5"] = {
            repo = {
                branch = "master",
                commit = "d3f5164cd147433c264ff3f6d65d40052bbbe384",
                url = "https://gitcode.com/xmake-io/xmake-repo.git"
            },
            version = "24.2.0"
        },
        ["hidapi#f56260b5"] = {
            repo = {
                branch = "master",
                commit = "d3f5164cd147433c264ff3f6d65d40052bbbe384",
                url = "https://gitee.com/tboox/xmake-repo.git"
            },
            version = "0.14.0"
        },
        ["ninja#f56260b5"] = {
            repo = {
                branch = "master",
                commit = "d3f5164cd147433c264ff3f6d65d40052bbbe384",
                url = "https://gitcode.com/xmake-io/xmake-repo.git"
            },
            version = "v1.13.1"
        },
        ["rapidcsv#f56260b5"] = {
            repo = {
                branch = "master",
                commit = "d3f5164cd147433c264ff3f6d65d40052bbbe384",
                url = "https://gitcode.com/xmake-io/xmake-repo.git"
            },
            version = "v8.92"
        },
        ["spdlog#09c8c173"] = {
            repo = {
                branch = "master",
                commit = "d3f5164cd147433c264ff3f6d65d40052bbbe384",
                url = "https://gitcode.com/xmake-io/xmake-repo.git"
            },
            version = "v1.17.0"
        }
    }
}